// !$*UTF8*$!
{
	archiveVersion = 1;
	classes = {
	};
	objectVersion = 56;
	objects = {

/* Begin PBXBuildFile section */
		1957FF7329B7D1A000593E50 /* DataDecodable.swift in Sources */ = {isa = PBXBuildFile; fileRef = 1957FF7229B7D1A000593E50 /* DataDecodable.swift */; };
		19D5530D29AE189E00AE1C51 /* AppDelegate.swift in Sources */ = {isa = PBXBuildFile; fileRef = 19D5530C29AE189E00AE1C51 /* AppDelegate.swift */; };
		19D5530F29AE189E00AE1C51 /* SceneDelegate.swift in Sources */ = {isa = PBXBuildFile; fileRef = 19D5530E29AE189E00AE1C51 /* SceneDelegate.swift */; };
		19D5531129AE189E00AE1C51 /* ViewController.swift in Sources */ = {isa = PBXBuildFile; fileRef = 19D5531029AE189E00AE1C51 /* ViewController.swift */; };
		19D5531629AE189F00AE1C51 /* Assets.xcassets in Resources */ = {isa = PBXBuildFile; fileRef = 19D5531529AE189F00AE1C51 /* Assets.xcassets */; };
		19D5531929AE189F00AE1C51 /* LaunchScreen.storyboard in Resources */ = {isa = PBXBuildFile; fileRef = 19D5531729AE189F00AE1C51 /* LaunchScreen.storyboard */; };
		19D5532129AE273300AE1C51 /* CoinManager.swift in Sources */ = {isa = PBXBuildFile; fileRef = 19D5532029AE273300AE1C51 /* CoinManager.swift */; };
		19D5532529AE41E000AE1C51 /* Main.storyboard in Resources */ = {isa = PBXBuildFile; fileRef = 19D5531229AE189E00AE1C51 /* Main.storyboard */; };
/* End PBXBuildFile section */

/* Begin PBXFileReference section */
		1957FF7229B7D1A000593E50 /* DataDecodable.swift */ = {isa = PBXFileReference; lastKnownFileType = sourcecode.swift; path = DataDecodable.swift; sourceTree = "<group>"; };
		19D5530929AE189E00AE1C51 /* BitcoinPrice.app */ = {isa = PBXFileReference; explicitFileType = wrapper.application; includeInIndex = 0; path = BitcoinPrice.app; sourceTree = BUILT_PRODUCTS_DIR; };
		19D5530C29AE189E00AE1C51 /* AppDelegate.swift */ = {isa = PBXFileReference; lastKnownFileType = sourcecode.swift; path = AppDelegate.swift; sourceTree = "<group>"; };
		19D5530E29AE189E00AE1C51 /* SceneDelegate.swift */ = {isa = PBXFileReference; lastKnownFileType = sourcecode.swift; path = SceneDelegate.swift; sourceTree = "<group>"; };
		19D5531029AE189E00AE1C51 /* ViewController.swift */ = {isa = PBXFileReference; lastKnownFileType = sourcecode.swift; path = ViewController.swift; sourceTree = "<group>"; };
		19D5531329AE189E00AE1C51 /* Base */ = {isa = PBXFileReference; lastKnownFileType = file.storyboard; name = Base; path = Base.lproj/Main.storyboard; sourceTree = "<group>"; };
		19D5531529AE189F00AE1C51 /* Assets.xcassets */ = {isa = PBXFileReference; lastKnownFileType = folder.assetcatalog; path = Assets.xcassets; sourceTree = "<group>"; };
		19D5531829AE189F00AE1C51 /* Base */ = {isa = PBXFileReference; lastKnownFileType = file.storyboard; name = Base; path = Base.lproj/LaunchScreen.storyboard; sourceTree = "<group>"; };
		19D5531A29AE189F00AE1C51 /* Info.plist */ = {isa = PBXFileReference; lastKnownFileType = text.plist.xml; path = Info.plist; sourceTree = "<group>"; };
		19D5532029AE273300AE1C51 /* CoinManager.swift */ = {isa = PBXFileReference; lastKnownFileType = sourcecode.swift; path = CoinManager.swift; sourceTree = "<group>"; };
/* End PBXFileReference section */

/* Begin PBXFrameworksBuildPhase section */
		19D5530629AE189E00AE1C51 /* Frameworks */ = {
			isa = PBXFrameworksBuildPhase;
			buildActionMask = 2147483647;
			files = (
			);
			runOnlyForDeploymentPostprocessing = 0;
		};
/* End PBXFrameworksBuildPhase section */

/* Begin PBXGroup section */
		19D5530029AE189E00AE1C51 = {
			isa = PBXGroup;
			children = (
				19D5530B29AE189E00AE1C51 /* BitcoinPrice */,
				19D5530A29AE189E00AE1C51 /* Products */,
			);
			sourceTree = "<group>";
		};
		19D5530A29AE189E00AE1C51 /* Products */ = {
			isa = PBXGroup;
			children = (
				19D5530929AE189E00AE1C51 /* BitcoinPrice.app */,
			);
			name = Products;
			sourceTree = "<group>";
		};
		19D5530B29AE189E00AE1C51 /* BitcoinPrice */ = {
			isa = PBXGroup;
			children = (
				19D5532429AE416300AE1C51 /* View */,
				19D5532329AE415200AE1C51 /* Controller */,
				19D5532229AE282C00AE1C51 /* Model */,
				19D5530C29AE189E00AE1C51 /* AppDelegate.swift */,
				19D5530E29AE189E00AE1C51 /* SceneDelegate.swift */,
				19D5531229AE189E00AE1C51 /* Main.storyboard */,
				19D5531529AE189F00AE1C51 /* Assets.xcassets */,
				19D5531729AE189F00AE1C51 /* LaunchScreen.storyboard */,
				19D5531A29AE189F00AE1C51 /* Info.plist */,
			);
			path = BitcoinPrice;
			sourceTree = "<group>";
		};
		19D5532229AE282C00AE1C51 /* Model */ = {
			isa = PBXGroup;
			children = (
				19D5532029AE273300AE1C51 /* CoinManager.swift */,
				1957FF7229B7D1A000593E50 /* DataDecodable.swift */,
			);
			path = Model;
			sourceTree = "<group>";
		};
		19D5532329AE415200AE1C51 /* Controller */ = {
			isa = PBXGroup;
			children = (
				19D5531029AE189E00AE1C51 /* ViewController.swift */,
			);
			path = Controller;
			sourceTree = "<group>";
		};
		19D5532429AE416300AE1C51 /* View */ = {
			isa = PBXGroup;
			children = (
			);
			path = View;
			sourceTree = "<group>";
		};
/* End PBXGroup section */

/* Begin PBXNativeTarget section */
		19D5530829AE189E00AE1C51 /* BitcoinPrice */ = {
			isa = PBXNativeTarget;
			buildConfigurationList = 19D5531D29AE189F00AE1C51 /* Build configuration list for PBXNativeTarget "BitcoinPrice" */;
			buildPhases = (
				19D5530529AE189E00AE1C51 /* Sources */,
				19D5530629AE189E00AE1C51 /* Frameworks */,
				19D5530729AE189E00AE1C51 /* Resources */,
			);
			buildRules = (
			);
			dependencies = (
			);
			name = BitcoinPrice;
			productName = BitcoinPrice;
			productReference = 19D5530929AE189E00AE1C51 /* BitcoinPrice.app */;
			productType = "com.apple.product-type.application";
		};
/* End PBXNativeTarget section */

/* Begin PBXProject section */
		19D5530129AE189E00AE1C51 /* Project object */ = {
			isa = PBXProject;
			attributes = {
				BuildIndependentTargetsInParallel = 1;
				LastSwiftUpdateCheck = 1420;
				LastUpgradeCheck = 1420;
				TargetAttributes = {
					19D5530829AE189E00AE1C51 = {
						CreatedOnToolsVersion = 14.2;
					};
				};
			};
			buildConfigurationList = 19D5530429AE189E00AE1C51 /* Build configuration list for PBXProject "BitcoinPrice" */;
			compatibilityVersion = "Xcode 14.0";
			developmentRegion = en;
			hasScannedForEncodings = 0;
			knownRegions = (
				en,
				Base,
			);
			mainGroup = 19D5530029AE189E00AE1C51;
			productRefGroup = 19D5530A29AE189E00AE1C51 /* Products */;
			projectDirPath = "";
			projectRoot = "";
			targets = (
				19D5530829AE189E00AE1C51 /* BitcoinPrice */,
			);
		};
/* End PBXProject section */

/* Begin PBXResourcesBuildPhase section */
		19D5530729AE189E00AE1C51 /* Resources */ = {
			isa = PBXResourcesBuildPhase;
			buildActionMask = 2147483647;
			files = (
				19D5532529AE41E000AE1C51 /* Main.storyboard in Resources */,
				19D5531929AE189F00AE1C51 /* LaunchScreen.storyboard in Resources */,
				19D5531629AE189F00AE1C51 /* Assets.xcassets in Resources */,
			);
			runOnlyForDeploymentPostprocessing = 0;
		};
/* End PBXResourcesBuildPhase section */

/* Begin PBXSourcesBuildPhase section */
		19D5530529AE189E00AE1C51 /* Sources */ = {
			isa = PBXSourcesBuildPhase;
			buildActionMask = 2147483647;
			files = (
				19D5532129AE273300AE1C51 /* CoinManager.swift in Sources */,
				19D5531129AE189E00AE1C51 /* ViewController.swift in Sources */,
				19D5530D29AE189E00AE1C51 /* AppDelegate.swift in Sources */,
				19D5530F29AE189E00AE1C51 /* SceneDelegate.swift in Sources */,
				1957FF7329B7D1A000593E50 /* DataDecodable.swift in Sources */,
			);
			runOnlyForDeploymentPostprocessing = 0;
		};
/* End PBXSourcesBuildPhase section */

/* Begin PBXVariantGroup section */
		19D5531229AE189E00AE1C51 /* Main.storyboard */ = {
			isa = PBXVariantGroup;
			children = (
				19D5531329AE189E00AE1C51 /* Base */,
			);
			name = Main.storyboard;
			sourceTree = "<group>";
		};
		19D5531729AE189F00AE1C51 /* LaunchScreen.storyboard */ = {
			isa = PBXVariantGroup;
			children = (
				19D5531829AE189F00AE1C51 /* Base */,
			);
			name = LaunchScreen.storyboard;
			sourceTree = "<group>";
		};
/* End PBXVariantGroup section */

/* Begin XCBuildConfiguration section */
		19D5531B29AE189F00AE1C51 /* Debug */ = {
			isa = XCBuildConfiguration;
			buildSettings = {
				ALWAYS_SEARCH_USER_PATHS = NO;
				CLANG_ANALYZER_NONNULL = YES;
				CLANG_ANALYZER_NUMBER_OBJECT_CONVERSION = YES_AGGRESSIVE;
				CLANG_CXX_LANGUAGE_STANDARD = "gnu++20";
				CLANG_ENABLE_MODULES = YES;
				CLANG_ENABLE_OBJC_ARC = YES;
				CLANG_ENABLE_OBJC_WEAK = YES;
				CLANG_WARN_BLOCK_CAPTURE_AUTORELEASING = YES;
				CLANG_WARN_BOOL_CONVERSION = YES;
				CLANG_WARN_COMMA = YES;
				CLANG_WARN_CONSTANT_CONVERSION = YES;
				CLANG_WARN_DEPRECATED_OBJC_IMPLEMENTATIONS = YES;
				CLANG_WARN_DIRECT_OBJC_ISA_USAGE = YES_ERROR;
				CLANG_WARN_DOCUMENTATION_COMMENTS = YES;
				CLANG_WARN_EMPTY_BODY = YES;
				CLANG_WARN_ENUM_CONVERSION = YES;
				CLANG_WARN_INFINITE_RECURSION = YES;
				CLANG_WARN_INT_CONVERSION = YES;
				CLANG_WARN_NON_LITERAL_NULL_CONVERSION = YES;
				CLANG_WARN_OBJC_IMPLICIT_RETAIN_SELF = YES;
				CLANG_WARN_OBJC_LITERAL_CONVERSION = YES;
				CLANG_WARN_OBJC_ROOT_CLASS = YES_ERROR;
				CLANG_WARN_QUOTED_INCLUDE_IN_FRAMEWORK_HEADER = YES;
				CLANG_WARN_RANGE_LOOP_ANALYSIS = YES;
				CLANG_WARN_STRICT_PROTOTYPES = YES;
				CLANG_WARN_SUSPICIOUS_MOVE = YES;
				CLANG_WARN_UNGUARDED_AVAILABILITY = YES_AGGRESSIVE;
				CLANG_WARN_UNREACHABLE_CODE = YES;
				CLANG_WARN__DUPLICATE_METHOD_MATCH = YES;
				COPY_PHASE_STRIP = NO;
				DEBUG_INFORMATION_FORMAT = dwarf;
				ENABLE_STRICT_OBJC_MSGSEND = YES;
				ENABLE_TESTABILITY = YES;
				GCC_C_LANGUAGE_STANDARD = gnu11;
				GCC_DYNAMIC_NO_PIC = NO;
				GCC_NO_COMMON_BLOCKS = YES;
				GCC_OPTIMIZATION_LEVEL = 0;
				GCC_PREPROCESSOR_DEFINITIONS = (
					"DEBUG=1",
					"$(inherited)",
				);
				GCC_WARN_64_TO_32_BIT_CONVERSION = YES;
				GCC_WARN_ABOUT_RETURN_TYPE = YES_ERROR;
				GCC_WARN_UNDECLARED_SELECTOR = YES;
				GCC_WARN_UNINITIALIZED_AUTOS = YES_AGGRESSIVE;
				GCC_WARN_UNUSED_FUNCTION = YES;
				GCC_WARN_UNUSED_VARIABLE = YES;
				IPHONEOS_DEPLOYMENT_TARGET = 16.2;
				MTL_ENABLE_DEBUG_INFO = INCLUDE_SOURCE;
				MTL_FAST_MATH = YES;
				ONLY_ACTIVE_ARCH = YES;
				SDKROOT = iphoneos;
				SWIFT_ACTIVE_COMPILATION_CONDITIONS = DEBUG;
				SWIFT_OPTIMIZATION_LEVEL = "-Onone";
			};
			name = Debug;
		};
		19D5531C29AE189F00AE1C51 /* Release */ = {
			isa = XCBuildConfiguration;
			buildSettings = {
				ALWAYS_SEARCH_USER_PATHS = NO;
				CLANG_ANALYZER_NONNULL = YES;
				CLANG_ANALYZER_NUMBER_OBJECT_CONVERSION = YES_AGGRESSIVE;
				CLANG_CXX_LANGUAGE_STANDARD = "gnu++20";
				CLANG_ENABLE_MODULES = YES;
				CLANG_ENABLE_OBJC_ARC = YES;
				CLANG_ENABLE_OBJC_WEAK = YES;
				CLANG_WARN_BLOCK_CAPTURE_AUTORELEASING = YES;
				CLANG_WARN_BOOL_CONVERSION = YES;
				CLANG_WARN_COMMA = YES;
				CLANG_WARN_CONSTANT_CONVERSION = YES;
				CLANG_WARN_DEPRECATED_OBJC_IMPLEMENTATIONS = YES;
				CLANG_WARN_DIRECT_OBJC_ISA_USAGE = YES_ERROR;
				CLANG_WARN_DOCUMENTATION_COMMENTS = YES;
				CLANG_WARN_EMPTY_BODY = YES;
				CLANG_WARN_ENUM_CONVERSION = YES;
				CLANG_WARN_INFINITE_RECURSION = YES;
				CLANG_WARN_INT_CONVERSION = YES;
				CLANG_WARN_NON_LITERAL_NULL_CONVERSION = YES;
				CLANG_WARN_OBJC_IMPLICIT_RETAIN_SELF = YES;
				CLANG_WARN_OBJC_LITERAL_CONVERSION = YES;
				CLANG_WARN_OBJC_ROOT_CLASS = YES_ERROR;
				CLANG_WARN_QUOTED_INCLUDE_IN_FRAMEWORK_HEADER = YES;
				CLANG_WARN_RANGE_LOOP_ANALYSIS = YES;
				CLANG_WARN_STRICT_PROTOTYPES = YES;
				CLANG_WARN_SUSPICIOUS_MOVE = YES;
				CLANG_WARN_UNGUARDED_AVAILABILITY = YES_AGGRESSIVE;
				CLANG_WARN_UNREACHABLE_CODE = YES;
				CLANG_WARN__DUPLICATE_METHOD_MATCH = YES;
				COPY_PHASE_STRIP = NO;
				DEBUG_INFORMATION_FORMAT = "dwarf-with-dsym";
				ENABLE_NS_ASSERTIONS = NO;
				ENABLE_STRICT_OBJC_MSGSEND = YES;
				GCC_C_LANGUAGE_STANDARD = gnu11;
				GCC_NO_COMMON_BLOCKS = YES;
				GCC_WARN_64_TO_32_BIT_CONVERSION = YES;
				GCC_WARN_ABOUT_RETURN_TYPE = YES_ERROR;
				GCC_WARN_UNDECLARED_SELECTOR = YES;
				GCC_WARN_UNINITIALIZED_AUTOS = YES_AGGRESSIVE;
				GCC_WARN_UNUSED_FUNCTION = YES;
				GCC_WARN_UNUSED_VARIABLE = YES;
				IPHONEOS_DEPLOYMENT_TARGET = 16.2;
				MTL_ENABLE_DEBUG_INFO = NO;
				MTL_FAST_MATH = YES;
				SDKROOT = iphoneos;
				SWIFT_COMPILATION_MODE = wholemodule;
				SWIFT_OPTIMIZATION_LEVEL = "-O";
				VALIDATE_PRODUCT = YES;
			};
			name = Release;
		};
		19D5531E29AE189F00AE1C51 /* Debug */ = {
			isa = XCBuildConfiguration;
			buildSettings = {
				ASSETCATALOG_COMPILER_APPICON_NAME = AppIcon;
				ASSETCATALOG_COMPILER_GLOBAL_ACCENT_COLOR_NAME = AccentColor;
				CODE_SIGN_STYLE = Automatic;
				CURRENT_PROJECT_VERSION = 1;
				DEVELOPMENT_TEAM = 83BR84PVQ5;
				GENERATE_INFOPLIST_FILE = YES;
				INFOPLIST_FILE = BitcoinPrice/Info.plist;
				INFOPLIST_KEY_UIApplicationSupportsIndirectInputEvents = YES;
				INFOPLIST_KEY_UILaunchStoryboardName = LaunchScreen;
				INFOPLIST_KEY_UIMainStoryboardFile = Main;
				INFOPLIST_KEY_UISupportedInterfaceOrientations_iPad = "UIInterfaceOrientationPortrait UIInterfaceOrientationPortraitUpsideDown UIInterfaceOrientationLandscapeLeft UIInterfaceOrientationLandscapeRight";
				INFOPLIST_KEY_UISupportedInterfaceOrientations_iPhone = "UIInterfaceOrientationPortrait UIInterfaceOrientationLandscapeLeft UIInterfaceOrientationLandscapeRight";
				LD_RUNPATH_SEARCH_PATHS = (
					"$(inherited)",
					"@executable_path/Frameworks",
				);
				MARKETING_VERSION = 1.0;
				PRODUCT_BUNDLE_IDENTIFIER = com.robertfranczak.BitcoinPrice;
				PRODUCT_NAME = "$(TARGET_NAME)";
				SWIFT_EMIT_LOC_STRINGS = YES;
				SWIFT_VERSION = 5.0;
				TARGETED_DEVICE_FAMILY = "1,2";
			};
			name = Debug;
		};
		19D5531F29AE189F00AE1C51 /* Release */ = {
			isa = XCBuildConfiguration;
			buildSettings = {
				ASSETCATALOG_COMPILER_APPICON_NAME = AppIcon;
				ASSETCATALOG_COMPILER_GLOBAL_ACCENT_COLOR_NAME = AccentColor;
				CODE_SIGN_STYLE = Automatic;
				CURRENT_PROJECT_VERSION = 1;
				DEVELOPMENT_TEAM = 83BR84PVQ5;
				GENERATE_INFOPLIST_FILE = YES;
				INFOPLIST_FILE = BitcoinPrice/Info.plist;
				INFOPLIST_KEY_UIApplicationSupportsIndirectInputEvents = YES;
				INFOPLIST_KEY_UILaunchStoryboardName = LaunchScreen;
				INFOPLIST_KEY_UIMainStoryboardFile = Main;
				INFOPLIST_KEY_UISupportedInterfaceOrientations_iPad = "UIInterfaceOrientationPortrait UIInterfaceOrientationPortraitUpsideDown UIInterfaceOrientationLandscapeLeft UIInterfaceOrientationLandscapeRight";
				INFOPLIST_KEY_UISupportedInterfaceOrientations_iPhone = "UIInterfaceOrientationPortrait UIInterfaceOrientationLandscapeLeft UIInterfaceOrientationLandscapeRight";
				LD_RUNPATH_SEARCH_PATHS = (
					"$(inherited)",
					"@executable_path/Frameworks",
				);
				MARKETING_VERSION = 1.0;
				PRODUCT_BUNDLE_IDENTIFIER = com.robertfranczak.BitcoinPrice;
				PRODUCT_NAME = "$(TARGET_NAME)";
				SWIFT_EMIT_LOC_STRINGS = YES;
				SWIFT_VERSION = 5.0;
				TARGETED_DEVICE_FAMILY = "1,2";
			};
			name = Release;
		};
/* End XCBuildConfiguration section */

/* Begin XCConfigurationList section */
		19D5530429AE189E00AE1C51 /* Build configuration list for PBXProject "BitcoinPrice" */ = {
			isa = XCConfigurationList;
			buildConfigurations = (
				19D5531B29AE189F00AE1C51 /* Debug */,
				19D5531C29AE189F00AE1C51 /* Release */,
			);
			defaultConfigurationIsVisible = 0;
			defaultConfigurationName = Release;
		};
		19D5531D29AE189F00AE1C51 /* Build configuration list for PBXNativeTarget "BitcoinPrice" */ = {
			isa = XCConfigurationList;
			buildConfigurations = (
				19D5531E29AE189F00AE1C51 /* Debug */,
				19D5531F29AE189F00AE1C51 /* Release */,
			);
			defaultConfigurationIsVisible = 0;
			defaultConfigurationName = Release;
		};
/* End XCConfigurationList section */
	};
	rootObject = 19D5530129AE189E00AE1C51 /* Project object */;
}
